{
  "version": 4,
  "terraform_version": "1.1.0",
  "serial": 142,
  "lineage": "037bed72-9921-1183-49dd-b0539b50fbee",
  "outputs": {
    "name": {
      "value": "vm-test-server",
      "type": "string"
    }
  },
  "resources": [
    {
      "mode": "managed",
      "type": "azurerm_linux_virtual_machine",
      "name": "test_VM",
      "provider": "provider[\"registry.terraform.io/hashicorp/azurerm\"]",
      "instances": [
        {
          "schema_version": 0,
          "attributes": {
            "additional_capabilities": [],
            "admin_password": null,
            "admin_ssh_key": [
              {
                "public_key": "ssh-rsa AAAAB3NzaC1yc2EAAAADAQABAAACAQDXV4AwEbSrsfkTOeLWZU05mSmJ+q1kXr3wotPK21hAtxHX6KYUGSb9GT+YZBLdqbwvNKHN8RSr+911WNzidj+tFPoFOgjdEm1XUVnL1wf2NjGCVyKZc4pDztjlW9NMblyq/93GbzyBNGiyuEX8yeRWNeBeAs3mto0E5WO83j5MlzwijzDrUYf6mKXmCTlP8/8Iz8rn4rmAEtfoOKn/ZckqdjtQegQseywlDURzUnRCQPIaf6M+4xvv/GQQYaclabI57Samxeto++IdKY3fT6K23UAxrtxFEK6XEYDXv2BO5DUlO0QWeuo/PIpe93bY2+5ROP15JGEGaGS84k28nlQvpEjwpdDr7mGQFwk87nB9VU2pQxJ0RjdC0KNmcCWwhr+v6yJYJxePXs1vCiCE6BXiwLuQhoeGjiOrF8Co3ojlU8UcxDl1X2Bc4NsvUf6wDTJ41xsf+6SimnxzdLoJ/V9lx0O/tVSn3bNrBczCKFgxloRgwVD80TF7Tw2XB69sA5CuDp3PU62OFBQEI8ROyQzTSWXmYOz9e0KZrXGdtNuR0HtAwaxUssn2ta9yGH3sfxKEGKy9qmmZSFi6gNmjQY9YmtLeUFPfVNc5K/TY2fKzMBINVBngGEWCxYkYEejKejCtT7VJBRsCs2dImBZf51gZcn0WqZLtNXq/gz8qdbWNWQ==\n",
                "username": "adminuser"
              }
            ],
            "admin_username": "adminuser",
            "allow_extension_operations": true,
            "availability_set_id": "",
            "boot_diagnostics": [
              {
                "storage_account_uri": "https://str0a4de084a4da9602.blob.core.windows.net/"
              }
            ],
            "computer_name": "vm-test-server",
            "custom_data": null,
            "dedicated_host_group_id": "",
            "dedicated_host_id": "",
            "disable_password_authentication": true,
            "edge_zone": "",
            "encryption_at_host_enabled": false,
            "eviction_policy": "",
            "extensions_time_budget": "PT1H30M",
            "id": "/subscriptions/077db4cd-ae63-418b-82f5-9b712e94395b/resourceGroups/test_RG/providers/Microsoft.Compute/virtualMachines/vm-test-server",
            "identity": [],
            "license_type": "",
            "location": "westeurope",
            "max_bid_price": -1,
            "name": "vm-test-server",
            "network_interface_ids": [
              "/subscriptions/077db4cd-ae63-418b-82f5-9b712e94395b/resourceGroups/test_RG/providers/Microsoft.Network/networkInterfaces/test_NIC"
            ],
            "os_disk": [
              {
                "caching": "ReadWrite",
                "diff_disk_settings": [],
                "disk_encryption_set_id": "",
                "disk_size_gb": 30,
                "name": "vm-test-server-dsk",
                "storage_account_type": "Premium_LRS",
                "write_accelerator_enabled": false
              }
            ],
            "patch_mode": "ImageDefault",
            "plan": [],
            "platform_fault_domain": -1,
            "priority": "Regular",
            "private_ip_address": "10.0.2.4",
            "private_ip_addresses": [
              "10.0.2.4"
            ],
            "provision_vm_agent": true,
            "proximity_placement_group_id": "",
            "public_ip_address": "20.224.85.215",
            "public_ip_addresses": [
              "20.224.85.215"
            ],
            "resource_group_name": "test_RG",
            "secret": [],
            "secure_boot_enabled": false,
            "size": "Standard_DS1_v2",
            "source_image_id": "",
            "source_image_reference": [
              {
                "offer": "UbuntuServer",
                "publisher": "Canonical",
                "sku": "18.04-LTS",
                "version": "latest"
              }
            ],
            "tags": null,
            "termination_notification": null,
            "timeouts": null,
            "user_data": "",
            "virtual_machine_id": "10c3f98a-97b1-4f64-a774-870ef492b716",
            "virtual_machine_scale_set_id": "",
            "vtpm_enabled": false,
            "zone": ""
          },
          "sensitive_attributes": [],
          "private": "eyJlMmJmYjczMC1lY2FhLTExZTYtOGY4OC0zNDM2M2JjN2M0YzAiOnsiY3JlYXRlIjoyNzAwMDAwMDAwMDAwLCJkZWxldGUiOjI3MDAwMDAwMDAwMDAsInJlYWQiOjMwMDAwMDAwMDAwMCwidXBkYXRlIjoyNzAwMDAwMDAwMDAwfX0=",
          "dependencies": [
            "azurerm_network_interface.test_NIC",
            "azurerm_public_ip.myterraformpublicip",
            "azurerm_resource_group.test_RG",
            "azurerm_storage_account.storageaccount",
            "azurerm_subnet.test_SN",
            "azurerm_virtual_network.test_VNet",
            "random_id.randomId",
            "tls_private_key.example_ssh"
          ]
        }
      ]
    },
    {
      "mode": "managed",
      "type": "azurerm_network_interface",
      "name": "test_NIC",
      "provider": "provider[\"registry.terraform.io/hashicorp/azurerm\"]",
      "instances": [
        {
          "schema_version": 0,
          "attributes": {
            "applied_dns_servers": [],
            "dns_servers": [],
            "edge_zone": "",
            "enable_accelerated_networking": false,
            "enable_ip_forwarding": false,
            "id": "/subscriptions/077db4cd-ae63-418b-82f5-9b712e94395b/resourceGroups/test_RG/providers/Microsoft.Network/networkInterfaces/test_NIC",
            "internal_dns_name_label": "",
            "internal_domain_name_suffix": "cit4iwhvi1ruhfpbzqai4hvgba.ax.internal.cloudapp.net",
            "ip_configuration": [
              {
                "gateway_load_balancer_frontend_ip_configuration_id": "",
                "name": "internal",
                "primary": true,
                "private_ip_address": "10.0.2.4",
                "private_ip_address_allocation": "Dynamic",
                "private_ip_address_version": "IPv4",
                "public_ip_address_id": "/subscriptions/077db4cd-ae63-418b-82f5-9b712e94395b/resourceGroups/test_RG/providers/Microsoft.Network/publicIPAddresses/myPublicIP",
                "subnet_id": "/subscriptions/077db4cd-ae63-418b-82f5-9b712e94395b/resourceGroups/test_RG/providers/Microsoft.Network/virtualNetworks/test_VN/subnets/testsubnet"
              }
            ],
            "location": "westeurope",
            "mac_address": "",
            "name": "test_NIC",
            "private_ip_address": "10.0.2.4",
            "private_ip_addresses": [
              "10.0.2.4"
            ],
            "resource_group_name": "test_RG",
            "tags": null,
            "timeouts": null,
            "virtual_machine_id": ""
          },
          "sensitive_attributes": [],
          "private": "eyJlMmJmYjczMC1lY2FhLTExZTYtOGY4OC0zNDM2M2JjN2M0YzAiOnsiY3JlYXRlIjoxODAwMDAwMDAwMDAwLCJkZWxldGUiOjE4MDAwMDAwMDAwMDAsInJlYWQiOjMwMDAwMDAwMDAwMCwidXBkYXRlIjoxODAwMDAwMDAwMDAwfX0=",
          "dependencies": [
            "azurerm_public_ip.myterraformpublicip",
            "azurerm_resource_group.test_RG",
            "azurerm_subnet.test_SN",
            "azurerm_virtual_network.test_VNet"
          ]
        }
      ]
    },
    {
      "mode": "managed",
      "type": "azurerm_network_interface_security_group_association",
      "name": "az_group_association",
      "provider": "provider[\"registry.terraform.io/hashicorp/azurerm\"]",
      "instances": [
        {
          "schema_version": 0,
          "attributes": {
            "id": "/subscriptions/077db4cd-ae63-418b-82f5-9b712e94395b/resourceGroups/test_RG/providers/Microsoft.Network/networkInterfaces/test_NIC|/subscriptions/077db4cd-ae63-418b-82f5-9b712e94395b/resourceGroups/test_RG/providers/Microsoft.Network/networkSecurityGroups/myNetworkSecurityGroup",
            "network_interface_id": "/subscriptions/077db4cd-ae63-418b-82f5-9b712e94395b/resourceGroups/test_RG/providers/Microsoft.Network/networkInterfaces/test_NIC",
            "network_security_group_id": "/subscriptions/077db4cd-ae63-418b-82f5-9b712e94395b/resourceGroups/test_RG/providers/Microsoft.Network/networkSecurityGroups/myNetworkSecurityGroup",
            "timeouts": null
          },
          "sensitive_attributes": [],
          "private": "eyJlMmJmYjczMC1lY2FhLTExZTYtOGY4OC0zNDM2M2JjN2M0YzAiOnsiY3JlYXRlIjoxODAwMDAwMDAwMDAwLCJkZWxldGUiOjE4MDAwMDAwMDAwMDAsInJlYWQiOjMwMDAwMDAwMDAwMCwidXBkYXRlIjoxODAwMDAwMDAwMDAwfX0=",
          "dependencies": [
            "azurerm_network_interface.test_NIC",
            "azurerm_network_security_group.az_security_group",
            "azurerm_public_ip.myterraformpublicip",
            "azurerm_resource_group.test_RG",
            "azurerm_subnet.test_SN",
            "azurerm_virtual_network.test_VNet"
          ]
        }
      ]
    },
    {
      "mode": "managed",
      "type": "azurerm_network_security_group",
      "name": "az_security_group",
      "provider": "provider[\"registry.terraform.io/hashicorp/azurerm\"]",
      "instances": [
        {
          "schema_version": 0,
          "attributes": {
            "id": "/subscriptions/077db4cd-ae63-418b-82f5-9b712e94395b/resourceGroups/test_RG/providers/Microsoft.Network/networkSecurityGroups/myNetworkSecurityGroup",
            "location": "westeurope",
            "name": "myNetworkSecurityGroup",
            "resource_group_name": "test_RG",
            "security_rule": [
              {
                "access": "Allow",
                "description": "",
                "destination_address_prefix": "*",
                "destination_address_prefixes": [],
                "destination_application_security_group_ids": [],
                "destination_port_range": "22",
                "destination_port_ranges": [],
                "direction": "Inbound",
                "name": "SSH",
                "priority": 1001,
                "protocol": "Tcp",
                "source_address_prefix": "*",
                "source_address_prefixes": [],
                "source_application_security_group_ids": [],
                "source_port_range": "*",
                "source_port_ranges": []
              }
            ],
            "tags": {
              "environment": "az_test"
            },
            "timeouts": null
          },
          "sensitive_attributes": [],
          "private": "eyJlMmJmYjczMC1lY2FhLTExZTYtOGY4OC0zNDM2M2JjN2M0YzAiOnsiY3JlYXRlIjoxODAwMDAwMDAwMDAwLCJkZWxldGUiOjE4MDAwMDAwMDAwMDAsInJlYWQiOjMwMDAwMDAwMDAwMCwidXBkYXRlIjoxODAwMDAwMDAwMDAwfX0=",
          "dependencies": [
            "azurerm_resource_group.test_RG"
          ]
        }
      ]
    },
    {
      "mode": "managed",
      "type": "azurerm_public_ip",
      "name": "myterraformpublicip",
      "provider": "provider[\"registry.terraform.io/hashicorp/azurerm\"]",
      "instances": [
        {
          "schema_version": 0,
          "attributes": {
            "allocation_method": "Dynamic",
            "domain_name_label": null,
            "edge_zone": "",
            "fqdn": null,
            "id": "/subscriptions/077db4cd-ae63-418b-82f5-9b712e94395b/resourceGroups/test_RG/providers/Microsoft.Network/publicIPAddresses/myPublicIP",
            "idle_timeout_in_minutes": 4,
            "ip_address": "",
            "ip_tags": null,
            "ip_version": "IPv4",
            "location": "westeurope",
            "name": "myPublicIP",
            "public_ip_prefix_id": null,
            "resource_group_name": "test_RG",
            "reverse_fqdn": null,
            "sku": "Basic",
            "sku_tier": "Regional",
            "tags": {
              "environment": "Terraform Demo"
            },
            "timeouts": null,
            "zones": null
          },
          "sensitive_attributes": [],
          "private": "eyJlMmJmYjczMC1lY2FhLTExZTYtOGY4OC0zNDM2M2JjN2M0YzAiOnsiY3JlYXRlIjoxODAwMDAwMDAwMDAwLCJkZWxldGUiOjE4MDAwMDAwMDAwMDAsInJlYWQiOjMwMDAwMDAwMDAwMCwidXBkYXRlIjoxODAwMDAwMDAwMDAwfX0=",
          "dependencies": [
            "azurerm_resource_group.test_RG"
          ]
        }
      ]
    },
    {
      "mode": "managed",
      "type": "azurerm_resource_group",
      "name": "test_RG",
      "provider": "provider[\"registry.terraform.io/hashicorp/azurerm\"]",
      "instances": [
        {
          "schema_version": 0,
          "attributes": {
            "id": "/subscriptions/077db4cd-ae63-418b-82f5-9b712e94395b/resourceGroups/test_RG",
            "location": "westeurope",
            "name": "test_RG",
            "tags": {},
            "timeouts": null
          },
          "sensitive_attributes": [],
          "private": "eyJlMmJmYjczMC1lY2FhLTExZTYtOGY4OC0zNDM2M2JjN2M0YzAiOnsiY3JlYXRlIjo1NDAwMDAwMDAwMDAwLCJkZWxldGUiOjU0MDAwMDAwMDAwMDAsInJlYWQiOjMwMDAwMDAwMDAwMCwidXBkYXRlIjo1NDAwMDAwMDAwMDAwfX0="
        }
      ]
    },
    {
      "mode": "managed",
      "type": "azurerm_storage_account",
      "name": "storageaccount",
      "provider": "provider[\"registry.terraform.io/hashicorp/azurerm\"]",
      "instances": [
        {
          "schema_version": 3,
          "attributes": {
            "access_tier": "Hot",
            "account_kind": "StorageV2",
            "account_replication_type": "LRS",
            "account_tier": "Standard",
            "allow_nested_items_to_be_public": true,
            "azure_files_authentication": [],
            "blob_properties": [
              {
                "change_feed_enabled": false,
                "container_delete_retention_policy": [],
                "cors_rule": [],
                "default_service_version": "",
                "delete_retention_policy": [],
                "last_access_time_enabled": false,
                "versioning_enabled": false
              }
            ],
            "custom_domain": [],
            "customer_managed_key": [],
            "edge_zone": "",
            "enable_https_traffic_only": true,
            "id": "/subscriptions/077db4cd-ae63-418b-82f5-9b712e94395b/resourceGroups/test_RG/providers/Microsoft.Storage/storageAccounts/str0a4de084a4da9602",
            "identity": [],
            "infrastructure_encryption_enabled": false,
            "is_hns_enabled": false,
            "large_file_share_enabled": null,
            "location": "westeurope",
            "min_tls_version": "TLS1_2",
            "name": "str0a4de084a4da9602",
            "network_rules": [
              {
                "bypass": [
                  "AzureServices"
                ],
                "default_action": "Allow",
                "ip_rules": [],
                "private_link_access": [],
                "virtual_network_subnet_ids": []
              }
            ],
            "nfsv3_enabled": false,
            "primary_access_key": "eQi3MzawNIKpKySNrqe7hCDoXpiRX+iAfWgeYTnvZcPnV2031ebsCMYkEOUcX2rY3YB0JyBIOKkZ0fSOhKC0Qw==",
            "primary_blob_connection_string": "DefaultEndpointsProtocol=https;BlobEndpoint=https://str0a4de084a4da9602.blob.core.windows.net/;AccountName=str0a4de084a4da9602;AccountKey=eQi3MzawNIKpKySNrqe7hCDoXpiRX+iAfWgeYTnvZcPnV2031ebsCMYkEOUcX2rY3YB0JyBIOKkZ0fSOhKC0Qw==",
            "primary_blob_endpoint": "https://str0a4de084a4da9602.blob.core.windows.net/",
            "primary_blob_host": "str0a4de084a4da9602.blob.core.windows.net",
            "primary_connection_string": "DefaultEndpointsProtocol=https;AccountName=str0a4de084a4da9602;AccountKey=eQi3MzawNIKpKySNrqe7hCDoXpiRX+iAfWgeYTnvZcPnV2031ebsCMYkEOUcX2rY3YB0JyBIOKkZ0fSOhKC0Qw==;EndpointSuffix=core.windows.net",
            "primary_dfs_endpoint": "https://str0a4de084a4da9602.dfs.core.windows.net/",
            "primary_dfs_host": "str0a4de084a4da9602.dfs.core.windows.net",
            "primary_file_endpoint": "https://str0a4de084a4da9602.file.core.windows.net/",
            "primary_file_host": "str0a4de084a4da9602.file.core.windows.net",
            "primary_location": "westeurope",
            "primary_queue_endpoint": "https://str0a4de084a4da9602.queue.core.windows.net/",
            "primary_queue_host": "str0a4de084a4da9602.queue.core.windows.net",
            "primary_table_endpoint": "https://str0a4de084a4da9602.table.core.windows.net/",
            "primary_table_host": "str0a4de084a4da9602.table.core.windows.net",
            "primary_web_endpoint": "https://str0a4de084a4da9602.z6.web.core.windows.net/",
            "primary_web_host": "str0a4de084a4da9602.z6.web.core.windows.net",
            "queue_encryption_key_type": "Service",
            "queue_properties": [
              {
                "cors_rule": [],
                "hour_metrics": [
                  {
                    "enabled": true,
                    "include_apis": true,
                    "retention_policy_days": 7,
                    "version": "1.0"
                  }
                ],
                "logging": [
                  {
                    "delete": false,
                    "read": false,
                    "retention_policy_days": 0,
                    "version": "1.0",
                    "write": false
                  }
                ],
                "minute_metrics": [
                  {
                    "enabled": false,
                    "include_apis": false,
                    "retention_policy_days": 0,
                    "version": "1.0"
                  }
                ]
              }
            ],
            "resource_group_name": "test_RG",
            "routing": [],
            "secondary_access_key": "NaQCqSpqYqhwU/MEuCuCLFWSL7KcvbVRg/mOI5LjNr9mKDrIY0j7Fr+glBqultvS/8mTPi78y5hXI98d+ZL/cg==",
            "secondary_blob_connection_string": "",
            "secondary_blob_endpoint": null,
            "secondary_blob_host": null,
            "secondary_connection_string": "DefaultEndpointsProtocol=https;AccountName=str0a4de084a4da9602;AccountKey=NaQCqSpqYqhwU/MEuCuCLFWSL7KcvbVRg/mOI5LjNr9mKDrIY0j7Fr+glBqultvS/8mTPi78y5hXI98d+ZL/cg==;EndpointSuffix=core.windows.net",
            "secondary_dfs_endpoint": null,
            "secondary_dfs_host": null,
            "secondary_file_endpoint": null,
            "secondary_file_host": null,
            "secondary_location": "",
            "secondary_queue_endpoint": null,
            "secondary_queue_host": null,
            "secondary_table_endpoint": null,
            "secondary_table_host": null,
            "secondary_web_endpoint": null,
            "secondary_web_host": null,
            "share_properties": [
              {
                "cors_rule": [],
                "retention_policy": [
                  {
                    "days": 7
                  }
                ],
                "smb": []
              }
            ],
            "shared_access_key_enabled": true,
            "static_website": [],
            "table_encryption_key_type": "Service",
            "tags": {
              "environment": "westeurope"
            },
            "timeouts": null
          },
          "sensitive_attributes": [],
          "private": "eyJlMmJmYjczMC1lY2FhLTExZTYtOGY4OC0zNDM2M2JjN2M0YzAiOnsiY3JlYXRlIjozNjAwMDAwMDAwMDAwLCJkZWxldGUiOjM2MDAwMDAwMDAwMDAsInJlYWQiOjMwMDAwMDAwMDAwMCwidXBkYXRlIjozNjAwMDAwMDAwMDAwfSwic2NoZW1hX3ZlcnNpb24iOiIzIn0=",
          "dependencies": [
            "azurerm_resource_group.test_RG",
            "random_id.randomId"
          ]
        }
      ]
    },
    {
      "mode": "managed",
      "type": "azurerm_subnet",
      "name": "test_SN",
      "provider": "provider[\"registry.terraform.io/hashicorp/azurerm\"]",
      "instances": [
        {
          "schema_version": 0,
          "attributes": {
            "address_prefixes": [
              "10.0.2.0/24"
            ],
            "delegation": [],
            "enforce_private_link_endpoint_network_policies": false,
            "enforce_private_link_service_network_policies": false,
            "id": "/subscriptions/077db4cd-ae63-418b-82f5-9b712e94395b/resourceGroups/test_RG/providers/Microsoft.Network/virtualNetworks/test_VN/subnets/testsubnet",
            "name": "testsubnet",
            "resource_group_name": "test_RG",
            "service_endpoint_policy_ids": null,
            "service_endpoints": null,
            "timeouts": null,
            "virtual_network_name": "test_VN"
          },
          "sensitive_attributes": [],
          "private": "eyJlMmJmYjczMC1lY2FhLTExZTYtOGY4OC0zNDM2M2JjN2M0YzAiOnsiY3JlYXRlIjoxODAwMDAwMDAwMDAwLCJkZWxldGUiOjE4MDAwMDAwMDAwMDAsInJlYWQiOjMwMDAwMDAwMDAwMCwidXBkYXRlIjoxODAwMDAwMDAwMDAwfX0=",
          "dependencies": [
            "azurerm_resource_group.test_RG",
            "azurerm_virtual_network.test_VNet"
          ]
        }
      ]
    },
    {
      "mode": "managed",
      "type": "azurerm_virtual_network",
      "name": "test_VNet",
      "provider": "provider[\"registry.terraform.io/hashicorp/azurerm\"]",
      "instances": [
        {
          "schema_version": 0,
          "attributes": {
            "address_space": [
              "10.0.2.0/24"
            ],
            "bgp_community": "",
            "ddos_protection_plan": [],
            "dns_servers": [],
            "edge_zone": "",
            "flow_timeout_in_minutes": 0,
            "guid": "58e42712-46f5-43e3-95e1-cc008f1ea608",
            "id": "/subscriptions/077db4cd-ae63-418b-82f5-9b712e94395b/resourceGroups/test_RG/providers/Microsoft.Network/virtualNetworks/test_VN",
            "location": "westeurope",
            "name": "test_VN",
            "resource_group_name": "test_RG",
            "subnet": [],
            "tags": null,
            "timeouts": null
          },
          "sensitive_attributes": [],
          "private": "eyJlMmJmYjczMC1lY2FhLTExZTYtOGY4OC0zNDM2M2JjN2M0YzAiOnsiY3JlYXRlIjoxODAwMDAwMDAwMDAwLCJkZWxldGUiOjE4MDAwMDAwMDAwMDAsInJlYWQiOjMwMDAwMDAwMDAwMCwidXBkYXRlIjoxODAwMDAwMDAwMDAwfX0=",
          "dependencies": [
            "azurerm_resource_group.test_RG"
          ]
        }
      ]
    },
    {
      "mode": "managed",
      "type": "random_id",
      "name": "randomId",
      "provider": "provider[\"registry.terraform.io/hashicorp/random\"]",
      "instances": [
        {
          "schema_version": 0,
          "attributes": {
            "b64_std": "Ck3ghKTalgI=",
            "b64_url": "Ck3ghKTalgI",
            "byte_length": 8,
            "dec": "742496373892093442",
            "hex": "0a4de084a4da9602",
            "id": "Ck3ghKTalgI",
            "keepers": {
              "resource_group": "test_RG"
            },
            "prefix": null
          },
          "sensitive_attributes": [],
          "private": "bnVsbA==",
          "dependencies": [
            "azurerm_resource_group.test_RG"
          ]
        }
      ]
    },
    {
      "mode": "managed",
      "type": "tls_private_key",
      "name": "example_ssh",
      "provider": "provider[\"registry.terraform.io/hashicorp/tls\"]",
      "instances": [
        {
          "schema_version": 0,
          "attributes": {
            "algorithm": "RSA",
            "ecdsa_curve": "P224",
            "id": "1bc9d46d57e2639e370929a5246ac5210e66a4a4",
            "private_key_openssh": "-----BEGIN OPENSSH PRIVATE KEY-----\nb3BlbnNzaC1rZXktdjEAAAAABG5vbmUAAAAEbm9uZQAAAAAAAAABAAACFwAAAAdz\nc2gtcnNhAAAAAwEAAQAAAgEA11eAMBG0q7H5Ezni1mVNOZkpifqtZF698KLTyttY\nQLcR1+imFBkm/Rk/mGQS3am8LzShzfEUq/vddVjc4nY/rRT6BToI3RJtV1FZy9cH\n9jYxglcimXOKQ87Y5VvTTG5cqv/dxm88gTRosrhF/MnkVjXgXgLN5raNBOVjvN4+\nTJc8Io8w61GH+pil5gk5T/P/CM/K5+K5gBLX6Dip/2XJKnY7UHoELHssJQ1Ec1J0\nQkDyGn+jPuMb7/xkEGGnJWmyOe0mpsXraPviHSmN30+itt1AMa7cRRCulxGA179g\nTuQ1JTtEFnrqPzyKXvd22NvuUTj9eSRhBmhkvOJNvJ5UL6RI8KXQ6+5hkBcJPO5w\nfVVNqUMSdEY3QtCjZnAlsIa/r+siWCcXj17NbwoghOgV4sC7kIaHho4jqxfAqN6I\n5VPFHMQ5dV9gXODbL1H+sA0yeNcbH/ukopp8c3S6Cf1fZcdDv7VUp92zawXMwihY\nMZaEYMFQ/NExe08NlwevbAOQrg6dz1OtjhQUBCPETskM00ll5mDs/XtCma1xnbTb\nkdB7QMGsVLLJ9rWvchh97H8ShBisvappmUhYuoDZo0GPWJrS3lBT31TXOSv02Nny\nszASDVQZ4BhFgsWJGBHoynowrU+1SQUbArNnSJgWX+dYGXJ9FqmS7TV6v4M/KnW1\njVkAAAc4gHEroIBxK6AAAAAHc3NoLXJzYQAAAgEA11eAMBG0q7H5Ezni1mVNOZkp\nifqtZF698KLTyttYQLcR1+imFBkm/Rk/mGQS3am8LzShzfEUq/vddVjc4nY/rRT6\nBToI3RJtV1FZy9cH9jYxglcimXOKQ87Y5VvTTG5cqv/dxm88gTRosrhF/MnkVjXg\nXgLN5raNBOVjvN4+TJc8Io8w61GH+pil5gk5T/P/CM/K5+K5gBLX6Dip/2XJKnY7\nUHoELHssJQ1Ec1J0QkDyGn+jPuMb7/xkEGGnJWmyOe0mpsXraPviHSmN30+itt1A\nMa7cRRCulxGA179gTuQ1JTtEFnrqPzyKXvd22NvuUTj9eSRhBmhkvOJNvJ5UL6RI\n8KXQ6+5hkBcJPO5wfVVNqUMSdEY3QtCjZnAlsIa/r+siWCcXj17NbwoghOgV4sC7\nkIaHho4jqxfAqN6I5VPFHMQ5dV9gXODbL1H+sA0yeNcbH/ukopp8c3S6Cf1fZcdD\nv7VUp92zawXMwihYMZaEYMFQ/NExe08NlwevbAOQrg6dz1OtjhQUBCPETskM00ll\n5mDs/XtCma1xnbTbkdB7QMGsVLLJ9rWvchh97H8ShBisvappmUhYuoDZo0GPWJrS\n3lBT31TXOSv02NnyszASDVQZ4BhFgsWJGBHoynowrU+1SQUbArNnSJgWX+dYGXJ9\nFqmS7TV6v4M/KnW1jVkAAAADAQABAAACAQCIGRk/SDFzwku1RwSClAu2t4J1XiVw\nJiDNkVth/jdMz2dLmhI86Zimpep3megCiGATRaRt0ExMVialH8CasDmWXoeV/hPU\nBO1uHlAucHzrs1yfEAsiCM/+AyE59EsbJzUSLhwwaeVHk6QIMEareb4CbpKbWBJi\nGkYOLhxXJe8h4QN0pCM61pCmZQuU04eRbJhnLU0EOVscAszKS+XFMMNvPsJGHpe8\ntSw1TqlQaXBo3zskXD8EY+0oQ8/KOq21C5RE4AlppfUeqPNDkxvDY0VnZXZI8Ebu\nr5hoiftwX9eyhLDCEy75Nj4OMWkSlDxc2sNIOkiY49Eeh6QDbNPMvhRdzvefEs7T\nvr1J842H+zgidDmP76F2Nwq5NX/caIakGOw4g6OQK8WzDa/vWaoeMsbuh74KDZg6\n64/9Ool498a/ZELSejx9jKTKUoTBTovnNknHjYJ4FoTgh9op0ZvwLV0Ljp1JdG2p\nkLr9YjIpw+XTGvOTI/Qbo/+ADD6enO6IUttbWp8CJRdGXCqkcxeycb0Ui3u667Fq\nDgZx5u1c6NIq0onjh6n+Ry3vgxqDcB5dLOnbLUwYrAhq/QdNyz5g6yNwtAZM0Ebf\nlhG5UcXezNyEU5oUUVVqLrZYSkfMWbV/ZmRqB04UdcUEb+BOqayPdNRZAZpbL1SO\nT1N8S4hbLRwowQAAAQEAnjMEUXzd+y/dEiTs2Gnx9+JhiqFoeJLziFPsJAtoVQOz\njDO3mdVFA29aqyc5YIi0Xwtyt0YJZGhLEgfq5y4Y6qwh1odOa7kMAhVKndnOI7Xa\nJ9coty8JRLlXkEj4RJCDdPz5fLCnjp/ich83vmWbCdbOH/H/rphwBrcvRrOxxjnB\nzCB68/dsYeSEYHUOdCmmt/UwYiOxl+xJuRYCP9n/s5jX72ks+c6w9zLOC4/RazOv\nMwhCslORPE5HsGeYlQOT9vo5WRHovtKz0kOobYab+KB4H0/yn8Kh91ZmbTZX2J/6\nHKj6i8DLaEs13+UXmQ1OZZ9Gcm/G6EW+2XD1XvYGQwAAAQEA4x2erOMSfq+k2twv\nB2rcVqXNDLRQB/AQFGyqrQ1PctJ9a1MzWhORHdShiKw+j3h5w9nhG+buSU2LUtmS\nQ19uM0hRF7+27uH1bDtN8EZWhl/7weiuIPn7Dx+UYwB2z3YeT78S47V5SkR69a8G\nsafum0H3FMtYAfSmoSR29DB3H1ZAkpN25ItULdx84osxal43utg8A4EqlRzy1g45\n/oeeSkC/JClfr5Y38HP24idZjbxamj1h4COo3SQQsD91e81rVkWKCmbmQo4NaDJb\n/nVw0sZky47cD98JoPs+ZpXxVQbIveieHNFY24nG0Ajlzzjo1CYCmoDG4zQCRybj\nWvcURQAAAQEA8rqMhk30QBkbEU+FKI9rw+pQGnjni/mE3ItFqTeANLss0GD7a3Ma\nSvD1mG/Zr5TGIAiDUGhS0zgeXnxqFfWtWWJ5XdC+QmWW2kOLITZGR3Pjta6dgftH\nqqUGjWARpp96LK2wZJoHAV7H7mXMVhUPlDM4Z7lwi7nmoRzZ/bVc3XsjG4J9yfrF\nznotDpDrRgMYNBezRL8HSgW1/NjfA4qjqrCK82M57mJ0LToOcT2MBmGbpGm8Ajzl\nlNlFphp8oJ9RBpqf6Fp+awGaf82PTt9so5D69hoP8r2Ah+mnIJ6qMrZv1RF/AFuy\ndz7luMEaQwQuh5/OgSQ2K02D9YiAIUAIBQAAAAAB\n-----END OPENSSH PRIVATE KEY-----\n",
            "private_key_pem": "-----BEGIN RSA PRIVATE KEY-----\nMIIJKgIBAAKCAgEA11eAMBG0q7H5Ezni1mVNOZkpifqtZF698KLTyttYQLcR1+im\nFBkm/Rk/mGQS3am8LzShzfEUq/vddVjc4nY/rRT6BToI3RJtV1FZy9cH9jYxglci\nmXOKQ87Y5VvTTG5cqv/dxm88gTRosrhF/MnkVjXgXgLN5raNBOVjvN4+TJc8Io8w\n61GH+pil5gk5T/P/CM/K5+K5gBLX6Dip/2XJKnY7UHoELHssJQ1Ec1J0QkDyGn+j\nPuMb7/xkEGGnJWmyOe0mpsXraPviHSmN30+itt1AMa7cRRCulxGA179gTuQ1JTtE\nFnrqPzyKXvd22NvuUTj9eSRhBmhkvOJNvJ5UL6RI8KXQ6+5hkBcJPO5wfVVNqUMS\ndEY3QtCjZnAlsIa/r+siWCcXj17NbwoghOgV4sC7kIaHho4jqxfAqN6I5VPFHMQ5\ndV9gXODbL1H+sA0yeNcbH/ukopp8c3S6Cf1fZcdDv7VUp92zawXMwihYMZaEYMFQ\n/NExe08NlwevbAOQrg6dz1OtjhQUBCPETskM00ll5mDs/XtCma1xnbTbkdB7QMGs\nVLLJ9rWvchh97H8ShBisvappmUhYuoDZo0GPWJrS3lBT31TXOSv02NnyszASDVQZ\n4BhFgsWJGBHoynowrU+1SQUbArNnSJgWX+dYGXJ9FqmS7TV6v4M/KnW1jVkCAwEA\nAQKCAgEAiBkZP0gxc8JLtUcEgpQLtreCdV4lcCYgzZFbYf43TM9nS5oSPOmYpqXq\nd5noAohgE0WkbdBMTFYmpR/AmrA5ll6Hlf4T1ATtbh5QLnB867NcnxALIgjP/gMh\nOfRLGyc1Ei4cMGnlR5OkCDBGq3m+Am6Sm1gSYhpGDi4cVyXvIeEDdKQjOtaQpmUL\nlNOHkWyYZy1NBDlbHALMykvlxTDDbz7CRh6XvLUsNU6pUGlwaN87JFw/BGPtKEPP\nyjqttQuUROAJaaX1HqjzQ5Mbw2NFZ2V2SPBG7q+YaIn7cF/XsoSwwhMu+TY+DjFp\nEpQ8XNrDSDpImOPRHoekA2zTzL4UXc73nxLO0769SfONh/s4InQ5j++hdjcKuTV/\n3GiGpBjsOIOjkCvFsw2v71mqHjLG7oe+Cg2YOuuP/TqJePfGv2RC0no8fYykylKE\nwU6L5zZJx42CeBaE4IfaKdGb8C1dC46dSXRtqZC6/WIyKcPl0xrzkyP0G6P/gAw+\nnpzuiFLbW1qfAiUXRlwqpHMXsnG9FIt7uuuxag4GcebtXOjSKtKJ44ep/kct74Ma\ng3AeXSzp2y1MGKwIav0HTcs+YOsjcLQGTNBG35YRuVHF3szchFOaFFFVai62WEpH\nzFm1f2ZkagdOFHXFBG/gTqmsj3TUWQGaWy9Ujk9TfEuIWy0cKMECggEBAOMdnqzj\nEn6vpNrcLwdq3FalzQy0UAfwEBRsqq0NT3LSfWtTM1oTkR3UoYisPo94ecPZ4Rvm\n7klNi1LZkkNfbjNIURe/tu7h9Ww7TfBGVoZf+8HoriD5+w8flGMAds92Hk+/EuO1\neUpEevWvBrGn7ptB9xTLWAH0pqEkdvQwdx9WQJKTduSLVC3cfOKLMWpeN7rYPAOB\nKpUc8tYOOf6HnkpAvyQpX6+WN/Bz9uInWY28Wpo9YeAjqN0kELA/dXvNa1ZFigpm\n5kKODWgyW/51cNLGZMuO3A/fCaD7PmaV8VUGyL3onhzRWNuJxtAI5c846NQmApqA\nxuM0Akcm41r3FEUCggEBAPK6jIZN9EAZGxFPhSiPa8PqUBp454v5hNyLRak3gDS7\nLNBg+2tzGkrw9Zhv2a+UxiAIg1BoUtM4Hl58ahX1rVlieV3QvkJlltpDiyE2Rkdz\n47WunYH7R6qlBo1gEaafeiytsGSaBwFex+5lzFYVD5QzOGe5cIu55qEc2f21XN17\nIxuCfcn6xc56LQ6Q60YDGDQXs0S/B0oFtfzY3wOKo6qwivNjOe5idC06DnE9jAZh\nm6RpvAI85ZTZRaYafKCfUQaan+hafmsBmn/Nj07fbKOQ+vYaD/K9gIfppyCeqjK2\nb9URfwBbsnc+5bjBGkMELoefzoEkNitNg/WIgCFACAUCggEAZ5pzb9qF7VSil1Qp\n//A3Yy9vQoRencBdFXQcx6RywaZToEnr+wNCB6GfroEkaL5EjZsunVPTD41YKQsn\nNaSq2Kn8lCDYilB5bE4BV8I+Zj4S0noaNODULinxvtfPWwQ+/5HiRA3croxeqwSU\nwSYiKqEE3W+FTh8UhB3mRa52KM1n13V9nvQQCnuyXIWynRstwQYzGkYp7qut+wey\nXPHwu16d0xkslSSpj/7WeIQKziVGD2ZA58ZcmcSB+GR6a2dht5ExT11xXJsAcq/G\nV2WrefsWr+UTbgoIkm8KIDH2TRszJ66dsfet2TgYgX4Nl2IWk/Bi76gfEjX/dAXB\nYRWlIQKCAQEAjSt6N1J3UCBJ4dOB+okPgC5y0DKpWHuSjkJiDXy+D+0cr0T4dRHI\npPVnoXTMApZgdJj+5nEGWto0r3dkq8jrPSVMuQeC4FL9XYwTCwnp7fy03yHjcYmX\nsOOx39+T5Hi0MfACuz/p+x4I4dpK8XXmTadMkucDUgCY5fNFxY0JqbbIQGOwjRxQ\nlznvop0eeOWr2gA+vyjrMF4J7jij3AdyEQAEkHGRa9fPAc7WP34wRjXWs9TbB+Ir\nFFsZavXUrgZ6tYCQqC6Zf9q65MHFK3Y+VRMpIqEdzWvxqRp3nT0qd7wrZpx6ZNbw\nAPKP4NhOUdPIzBBhpjJNXvoCWXc+LhhzkQKCAQEAnjMEUXzd+y/dEiTs2Gnx9+Jh\niqFoeJLziFPsJAtoVQOzjDO3mdVFA29aqyc5YIi0Xwtyt0YJZGhLEgfq5y4Y6qwh\n1odOa7kMAhVKndnOI7XaJ9coty8JRLlXkEj4RJCDdPz5fLCnjp/ich83vmWbCdbO\nH/H/rphwBrcvRrOxxjnBzCB68/dsYeSEYHUOdCmmt/UwYiOxl+xJuRYCP9n/s5jX\n72ks+c6w9zLOC4/RazOvMwhCslORPE5HsGeYlQOT9vo5WRHovtKz0kOobYab+KB4\nH0/yn8Kh91ZmbTZX2J/6HKj6i8DLaEs13+UXmQ1OZZ9Gcm/G6EW+2XD1XvYGQw==\n-----END RSA PRIVATE KEY-----\n",
            "public_key_fingerprint_md5": "54:3e:c4:22:9c:c2:bd:c0:72:40:a4:bb:6d:87:a5:f6",
            "public_key_fingerprint_sha256": "SHA256:bDZq0FDOxABOcVHCTUHBVzUJO9mJjdonQnERnwOcBbM",
            "public_key_openssh": "ssh-rsa AAAAB3NzaC1yc2EAAAADAQABAAACAQDXV4AwEbSrsfkTOeLWZU05mSmJ+q1kXr3wotPK21hAtxHX6KYUGSb9GT+YZBLdqbwvNKHN8RSr+911WNzidj+tFPoFOgjdEm1XUVnL1wf2NjGCVyKZc4pDztjlW9NMblyq/93GbzyBNGiyuEX8yeRWNeBeAs3mto0E5WO83j5MlzwijzDrUYf6mKXmCTlP8/8Iz8rn4rmAEtfoOKn/ZckqdjtQegQseywlDURzUnRCQPIaf6M+4xvv/GQQYaclabI57Samxeto++IdKY3fT6K23UAxrtxFEK6XEYDXv2BO5DUlO0QWeuo/PIpe93bY2+5ROP15JGEGaGS84k28nlQvpEjwpdDr7mGQFwk87nB9VU2pQxJ0RjdC0KNmcCWwhr+v6yJYJxePXs1vCiCE6BXiwLuQhoeGjiOrF8Co3ojlU8UcxDl1X2Bc4NsvUf6wDTJ41xsf+6SimnxzdLoJ/V9lx0O/tVSn3bNrBczCKFgxloRgwVD80TF7Tw2XB69sA5CuDp3PU62OFBQEI8ROyQzTSWXmYOz9e0KZrXGdtNuR0HtAwaxUssn2ta9yGH3sfxKEGKy9qmmZSFi6gNmjQY9YmtLeUFPfVNc5K/TY2fKzMBINVBngGEWCxYkYEejKejCtT7VJBRsCs2dImBZf51gZcn0WqZLtNXq/gz8qdbWNWQ==\n",
            "public_key_pem": "-----BEGIN PUBLIC KEY-----\nMIICIjANBgkqhkiG9w0BAQEFAAOCAg8AMIICCgKCAgEA11eAMBG0q7H5Ezni1mVN\nOZkpifqtZF698KLTyttYQLcR1+imFBkm/Rk/mGQS3am8LzShzfEUq/vddVjc4nY/\nrRT6BToI3RJtV1FZy9cH9jYxglcimXOKQ87Y5VvTTG5cqv/dxm88gTRosrhF/Mnk\nVjXgXgLN5raNBOVjvN4+TJc8Io8w61GH+pil5gk5T/P/CM/K5+K5gBLX6Dip/2XJ\nKnY7UHoELHssJQ1Ec1J0QkDyGn+jPuMb7/xkEGGnJWmyOe0mpsXraPviHSmN30+i\ntt1AMa7cRRCulxGA179gTuQ1JTtEFnrqPzyKXvd22NvuUTj9eSRhBmhkvOJNvJ5U\nL6RI8KXQ6+5hkBcJPO5wfVVNqUMSdEY3QtCjZnAlsIa/r+siWCcXj17NbwoghOgV\n4sC7kIaHho4jqxfAqN6I5VPFHMQ5dV9gXODbL1H+sA0yeNcbH/ukopp8c3S6Cf1f\nZcdDv7VUp92zawXMwihYMZaEYMFQ/NExe08NlwevbAOQrg6dz1OtjhQUBCPETskM\n00ll5mDs/XtCma1xnbTbkdB7QMGsVLLJ9rWvchh97H8ShBisvappmUhYuoDZo0GP\nWJrS3lBT31TXOSv02NnyszASDVQZ4BhFgsWJGBHoynowrU+1SQUbArNnSJgWX+dY\nGXJ9FqmS7TV6v4M/KnW1jVkCAwEAAQ==\n-----END PUBLIC KEY-----\n",
            "rsa_bits": 4096
          },
          "sensitive_attributes": [],
          "private": "bnVsbA=="
        }
      ]
    }
  ]
}
